
Microsoft Visual Studio Solution File, Format Version 12.00
# Visual Studio Version 17
VisualStudioVersion = 17.3.32901.215
MinimumVisualStudioVersion = 10.0.40219.1
Project("{FAE04EC0-301F-11D3-BF4B-00C04F79EFBC}") = "FinaceTracker", "FinaceTracker\FinaceTracker.csproj", "{EF137FB3-9159-40BE-9B7C-39626A3BB43E}"
EndProject
Global
	GlobalSection(SolutionConfigurationPlatforms) = preSolution
		Debug|Any CPU = Debug|Any CPU
		Release|Any CPU = Release|Any CPU
	EndGlobalSection
	GlobalSection(ProjectConfigurationPlatforms) = postSolution
		{EF137FB3-9159-40BE-9B7C-39626A3BB43E}.Debug|Any CPU.ActiveCfg = Debug|Any CPU
		{EF137FB3-9159-40BE-9B7C-39626A3BB43E}.Debug|Any CPU.Build.0 = Debug|Any CPU
		{EF137FB3-9159-40BE-9B7C-39626A3BB43E}.Release|Any CPU.ActiveCfg = Release|Any CPU
		{EF137FB3-9159-40BE-9B7C-39626A3BB43E}.Release|Any CPU.Build.0 = Release|Any CPU
	EndGlobalSection
	GlobalSection(SolutionProperties) = preSolution
		HideSolutionNode = FALSE
	EndGlobalSection
	GlobalSection(ExtensibilityGlobals) = postSolution
		SolutionGuid = {54FB37A1-B13A-47E0-8414-AF7B781F2B8B}
	EndGlobalSection
EndGlobal
